{
  "name": "newton-rings",
  "version": "1.0.4",
  "lockfileVersion": 3,
  "requires": true,
  "packages": {
    "": {
      "name": "newton-rings",
      "version": "1.0.4",
      "dependencies": {
        "mathjax": "^4.1.1",
        "pptxgenjs": "^4.0.1"
      },
      "devDependencies": {
        "@tauri-apps/cli": "^2"
      }
    },
    "node_modules/@mathjax/mathjax-newcm-font": {
      "version": "4.1.2",
      "resolved": "https://registry.npmmirror.com/@mathjax/mathjax-newcm-font/-/mathjax-newcm-font-4.1.2.tgz",
      "integrity": "sha512-lZHMjNP2XbABHA3kVn40rbse5ERUeMEmrGH03qLkCwxq4/5Z/eNLr0akw1MmQcqTwCbvkx1BFcmJ7RCfbRlw3Q==",
      "license": "Apache-2.0"
    },
    "node_modules/@tauri-apps/cli": {
      "version": "2.11.1",
      "resolved": "https://registry.npmmirror.com/@tauri-apps/cli/-/cli-2.11.1.tgz",
      "integrity": "sha512-rpEbaJ/HzNb6fwsquwoAbq29/Vt4gADhS423A8fdkwL4edJ0wZmoB8ar7O6JPDL834MUKOCm/rrJ7c9oAaEaYQ==",
      "dev": true,
      "license": "Apache-2.0 OR MIT",
      "bin": {
        "tauri": "tauri.js"
      },
      "engines": {
        "node": ">= 10"
      },
      "funding": {
        "type": "opencollective",
        "url": "https://opencollective.com/tauri"
      },
      "optionalDependencies": {
        "@tauri-apps/cli-darwin-arm64": "2.11.1",
        "@tauri-apps/cli-darwin-x64": "2.11.1",
        "@tauri-apps/cli-linux-arm-gnueabihf": "2.11.1",
        "@tauri-apps/cli-linux-arm64-gnu": "2.11.1",
        "@tauri-apps/cli-linux-arm64-musl": "2.11.1",
        "@tauri-apps/cli-linux-riscv64-gnu": "2.11.1",
        "@tauri-apps/cli-linux-x64-gnu": "2.11.1",
        "@tauri-apps/cli-linux-x64-musl": "2.11.1",
        "@tauri-apps/cli-win32-arm64-msvc": "2.11.1",
        "@tauri-apps/cli-win32-ia32-msvc": "2.11.1",
        "@tauri-apps/cli-win32-x64-msvc": "2.11.1"
      }
    },
    "node_modules/@tauri-apps/cli-darwin-arm64": {
      "version": "2.11.1",
      "resolved": "https://registry.npmmirror.com/@tauri-apps/cli-darwin-arm64/-/cli-darwin-arm64-2.11.1.tgz",
      "integrity": "sha512-6eEKMBXsQPCuM1EmvrjT2+aBuxWQuFdKdW8pzNuNQtpq45nEEpBlD5gr8pUeAyOU1DQKlkFaEc/MPBxb/Pfjtg==",
      "cpu": [
        "arm64"
      ],
      "dev": true,
      "license": "Apache-2.0 OR MIT",
      "optional": true,
      "os": [
        "darwin"
      ],
      "engines": {
        "node": ">= 10"
      }
    },
    "node_modules/@tauri-apps/cli-darwin-x64": {
      "version": "2.11.1",
      "resolved": "https://registry.npmmirror.com/@tauri-apps/cli-darwin-x64/-/cli-darwin-x64-2.11.1.tgz",
      "integrity": "sha512-LQUO7exfRWjWALNhetph5guWpMeHphRpokOLk0OIbTTExaNwJNFu3I4vb+CCM/4G/QGoZe/5XikZOJdNEFP1ig==",
      "cpu": [
        "x64"
      ],
      "dev": true,
      "license": "Apache-2.0 OR MIT",
      "optional": true,
      "os": [
        "darwin"
      ],
      "engines": {
        "node": ">= 10"
      }
    },
    "node_modules/@tauri-apps/cli-linux-arm-gnueabihf": {
      "version": "2.11.1",
      "resolved": "https://registry.npmmirror.com/@tauri-apps/cli-linux-arm-gnueabihf/-/cli-linux-arm-gnueabihf-2.11.1.tgz",
      "integrity": "sha512-5i/awiBCRRhOUG8yjn0fMHXIWD5Ez8eEk5LtvOxyQrKuJkRaZDvnbIjZbE183blAwkoA4xN3aO/prJiqscl02Q==",
      "cpu": [
        "arm"
      ],
      "dev": true,
      "license": "Apache-2.0 OR MIT",
      "optional": true,
      "os": [
        "linux"
      ],
      "engines": {
        "node": ">= 10"
      }
    },
    "node_modules/@tauri-apps/cli-linux-arm64-gnu": {
      "version": "2.11.1",
      "resolved": "https://registry.npmmirror.com/@tauri-apps/cli-linux-arm64-gnu/-/cli-linux-arm64-gnu-2.11.1.tgz",
      "integrity": "sha512-9LrwDw3S9Fygtw/Q6WDhOP+3svJRGAsejeE+GKrc0eO1ThMVhwi2LL6hw4dlKw93IfS7VY1G19sWGxJ/NcU4nA==",
      "cpu": [
        "arm64"
      ],
      "dev": true,
      "license": "Apache-2.0 OR MIT",
      "optional": true,
      "os": [
        "linux"
      ],
      "engines": {
        "node": ">= 10"
      }
    },
    "node_modules/@tauri-apps/cli-linux-arm64-musl": {
      "version": "2.11.1",
      "resolved": "https://registry.npmmirror.com/@tauri-apps/cli-linux-arm64-musl/-/cli-linux-arm64-musl-2.11.1.tgz",
      "integrity": "sha512-mNA5dbbqPqDUdTIwdUYYuhO2GvIe9UnB2r0VU2njxBOS3Opbx4gKNC5yP0Iu4rYmEmqdlwry9VzGZQ3wq9dyFg==",
      "cpu": [
        "arm64"
      ],
      "dev": true,
      "license": "Apache-2.0 OR MIT",
      "optional": true,
      "os": [
        "linux"
      ],
      "engines": {
        "node": ">= 10"
      }
    },
    "node_modules/@tauri-apps/cli-linux-riscv64-gnu": {
      "version": "2.11.1",
      "resolved": "https://registry.npmmirror.com/@tauri-apps/cli-linux-riscv64-gnu/-/cli-linux-riscv64-gnu-2.11.1.tgz",
      "integrity": "sha512-fZj3Gwq+6fUs305T5WQiD5iSGJw+j/4w/HGmk4sHDAcy+rp9zU5eaxB7nOyz5/I/nkNAuKPqfp6uIbiUBXkBCw==",
      "cpu": [
        "riscv64"
      ],
      "dev": true,
      "license": "Apache-2.0 OR MIT",
      "optional": true,
      "os": [
        "linux"
      ],
      "engines": {
        "node": ">= 10"
      }
    },
    "node_modules/@tauri-apps/cli-linux-x64-gnu": {
      "version": "2.11.1",
      "resolved": "https://registry.npmmirror.com/@tauri-apps/cli-linux-x64-gnu/-/cli-linux-x64-gnu-2.11.1.tgz",
      "integrity": "sha512-XFxGxOvHM7jjeD6ozCKdGfhzJ7lERYDGZl1/Kb4fsvchaJsfLJ981TlyTG8Qy/gFq+f5GitH3bfrX9JAkjPEyw==",
      "cpu": [
        "x64"
      ],
      "dev": true,
      "license": "Apache-2.0 OR MIT",
      "optional": true,
      "os": [
        "linux"
      ],
      "engines": {
        "node": ">= 10"
      }
    },
    "node_modules/@tauri-apps/cli-linux-x64-musl": {
      "version": "2.11.1",
      "resolved": "https://registry.npmmirror.com/@tauri-apps/cli-linux-x64-musl/-/cli-linux-x64-musl-2.11.1.tgz",
      "integrity": "sha512-d5C2/Zm+68v7R9wTuTCjRQEVrWjcdMkJBZ1+rXse+QdMMlTB9+u9PDNDLw9PQflWxYLaYZ7tjxxL9Nb9II6PbA==",
      "cpu": [
        "x64"
      ],
      "dev": true,
      "license": "Apache-2.0 OR MIT",
      "optional": true,
      "os": [
        "linux"
      ],
      "engines": {
        "node": ">= 10"
      }
    },
    "node_modules/@tauri-apps/cli-win32-arm64-msvc": {
      "version": "2.11.1",
      "resolved": "https://registry.npmmirror.com/@tauri-apps/cli-win32-arm64-msvc/-/cli-win32-arm64-msvc-2.11.1.tgz",
      "integrity": "sha512-YdeVWFAR1pTXzUU6NLstPq4G6OLxuDrXCXEBdmBH+5EZIDXUx0D2kJlz3+YjpazkKvAzYpgziTsyRagls0OfRQ==",
      "cpu": [
        "arm64"
      ],
      "dev": true,
      "license": "Apache-2.0 OR MIT",
      "optional": true,
      "os": [
        "win32"
      ],
      "engines": {
        "node": ">= 10"
      }
    },
    "node_modules/@tauri-apps/cli-win32-ia32-msvc": {
      "version": "2.11.1",
      "resolved": "https://registry.npmmirror.com/@tauri-apps/cli-win32-ia32-msvc/-/cli-win32-ia32-msvc-2.11.1.tgz",
      "integrity": "sha512-VBGkuH0eB9K9LLSMv361Gzr5Ou72sCS4+ztpmkWEQ+wd/amhcYOsf3X6qn1RJZDzIhiOYHJEOysZUC3baD01rA==",
      "cpu": [
        "ia32"
      ],
      "dev": true,
      "license": "Apache-2.0 OR MIT",
      "optional": true,
      "os": [
        "win32"
      ],
      "engines": {
        "node": ">= 10"
      }
    },
    "node_modules/@tauri-apps/cli-win32-x64-msvc": {
      "version": "2.11.1",
      "resolved": "https://registry.npmmirror.com/@tauri-apps/cli-win32-x64-msvc/-/cli-win32-x64-msvc-2.11.1.tgz",
      "integrity": "sha512-b3ORhIAKgp9ZYY+zBt7b7r0kLU2kjvyGF0+MS2SBym3emsweGPybEqocJcmtMuxyBhkOKHP4CiuEJEDuAlTx6A==",
      "cpu": [
        "x64"
      ],
      "dev": true,
      "license": "Apache-2.0 OR MIT",
      "optional": true,
      "os": [
        "win32"
      ],
      "engines": {
        "node": ">= 10"
      }
    },
    "node_modules/@types/node": {
      "version": "22.19.19",
      "resolved": "https://registry.npmmirror.com/@types/node/-/node-22.19.19.tgz",
      "integrity": "sha512-dyh/xO2Fh5bYrfWaaqGrRQQGkNdmYw6AmaAUvYeUMNTWQtvb796ikLdmTchRmOlOiIJ1TDXfWgVx1QkUlQ6Hew==",
      "license": "MIT",
      "dependencies": {
        "undici-types": "~6.21.0"
      }
    },
    "node_modules/core-util-is": {
      "version": "1.0.3",
      "resolved": "https://registry.npmmirror.com/core-util-is/-/core-util-is-1.0.3.tgz",
      "integrity": "sha512-ZQBvi1DcpJ4GDqanjucZ2Hj3wEO5pZDS89BWbkcrvdxksJorwUDDZamX9ldFkp9aw2lmBDLgkObEA4DWNJ9FYQ==",
      "license": "MIT"
    },
    "node_modules/https": {
      "version": "1.0.0",
      "resolved": "https://registry.npmmirror.com/https/-/https-1.0.0.tgz",
      "integrity": "sha512-4EC57ddXrkaF0x83Oj8sM6SLQHAWXw90Skqu2M4AEWENZ3F02dFJE/GARA8igO79tcgYqGrD7ae4f5L3um2lgg==",
      "license": "ISC"
    },
    "node_modules/image-size": {
      "version": "1.2.1",
      "resolved": "https://registry.npmmirror.com/image-size/-/image-size-1.2.1.tgz",
      "integrity": "sha512-rH+46sQJ2dlwfjfhCyNx5thzrv+dtmBIhPHk0zgRUukHzZ/kRueTJXoYYsclBaKcSMBWuGbOFXtioLpzTb5euw==",
      "license": "MIT",
      "dependencies": {
        "queue": "6.0.2"
      },
      "bin": {
        "image-size": "bin/image-size.js"
      },
      "engines": {
        "node": ">=16.x"
      }
    },
    "node_modules/immediate": {
      "version": "3.0.6",
      "resolved": "https://registry.npmmirror.com/immediate/-/immediate-3.0.6.tgz",
      "integrity": "sha512-XXOFtyqDjNDAQxVfYxuF7g9Il/IbWmmlQg2MYKOH8ExIT1qg6xc4zyS3HaEEATgs1btfzxq15ciUiY7gjSXRGQ==",
      "license": "MIT"
    },
    "node_modules/inherits": {
      "version": "2.0.4",
      "resolved": "https://registry.npmmirror.com/inherits/-/inherits-2.0.4.tgz",
      "integrity": "sha512-k/vGaX4/Yla3WzyMCvTQOXYeIHvqOKtnqBduzTHpzpQZzAskKMhZ2K+EnBiSM9zGSoIFeMpXKxa4dYeZIQqewQ==",
      "license": "ISC"
    },
    "node_modules/isarray": {
      "version": "1.0.0",
      "resolved": "https://registry.npmmirror.com/isarray/-/isarray-1.0.0.tgz",
      "integrity": "sha512-VLghIWNM6ELQzo7zwmcg0NmTVyWKYjvIeM83yjp0wRDTmUnrM678fQbcKBo6n2CJEF0szoG//ytg+TKla89ALQ==",
      "license": "MIT"
    },
    "node_modules/jszip": {
      "version": "3.10.1",
      "resolved": "https://registry.npmmirror.com/jszip/-/jszip-3.10.1.tgz",
      "integrity": "sha512-xXDvecyTpGLrqFrvkrUSoxxfJI5AH7U8zxxtVclpsUtMCq4JQ290LY8AW5c7Ggnr/Y/oK+bQMbqK2qmtk3pN4g==",
      "license": "(MIT OR GPL-3.0-or-later)",
      "dependencies": {
        "lie": "~3.3.0",
        "pako": "~1.0.2",
        "readable-stream": "~2.3.6",
        "setimmediate": "^1.0.5"
      }
    },
    "node_modules/lie": {
      "version": "3.3.0",
      "resolved": "https://registry.npmmirror.com/lie/-/lie-3.3.0.tgz",
      "integrity": "sha512-UaiMJzeWRlEujzAuw5LokY1L5ecNQYZKfmyZ9L7wDHb/p5etKaxXhohBcrw0EYby+G/NA52vRSN4N39dxHAIwQ==",
      "license": "MIT",
      "dependencies": {
        "immediate": "~3.0.5"
      }
    },
    "node_modules/mathjax": {
      "version": "4.1.2",
      "resolved": "https://registry.npmmirror.com/mathjax/-/mathjax-4.1.2.tgz",
      "integrity": "sha512-EQDS8xBpVg179BXoLeZ9JlwUFftOC5qylw20UlAMDhrTuooENigOocY79aNkkFSyvj/AST/89ZAo12+r5bPI4w==",
      "license": "Apache-2.0",
      "dependencies": {
        "@mathjax/mathjax-newcm-font": "^4.1.2"
      }
    },
    "node_modules/pako": {
      "version": "1.0.11",
      "resolved": "https://registry.npmmirror.com/pako/-/pako-1.0.11.tgz",
      "integrity": "sha512-4hLB8Py4zZce5s4yd9XzopqwVv/yGNhV1Bl8NTmCq1763HeK2+EwVTv+leGeL13Dnh2wfbqowVPXCIO0z4taYw==",
      "license": "(MIT AND Zlib)"
    },
    "node_modules/pptxgenjs": {
      "version": "4.0.1",
      "resolved": "https://registry.npmmirror.com/pptxgenjs/-/pptxgenjs-4.0.1.tgz",
      "integrity": "sha512-TeJISr8wouAuXw4C1F/mC33xbZs/FuEG6nH9FG1Zj+nuPcGMP5YRHl6X+j3HSUnS1f3at6k75ZZXPMZlA5Lj9A==",
      "license": "MIT",
      "dependencies": {
        "@types/node": "^22.8.1",
        "https": "^1.0.0",
        "image-size": "^1.2.1",
        "jszip": "^3.10.1"
      }
    },
    "node_modules/process-nextick-args": {
      "version": "2.0.1",
      "resolved": "https://registry.npmmirror.com/process-nextick-args/-/process-nextick-args-2.0.1.tgz",
      "integrity": "sha512-3ouUOpQhtgrbOa17J7+uxOTpITYWaGP7/AhoR3+A+/1e9skrzelGi/dXzEYyvbxubEF6Wn2ypscTKiKJFFn1ag==",
      "license": "MIT"
    },
    "node_modules/queue": {
      "version": "6.0.2",
      "resolved": "https://registry.npmmirror.com/queue/-/queue-6.0.2.tgz",
      "integrity": "sha512-iHZWu+q3IdFZFX36ro/lKBkSvfkztY5Y7HMiPlOUjhupPcG2JMfst2KKEpu5XndviX/3UhFbRngUPNKtgvtZiA==",
      "license": "MIT",
      "dependencies": {
        "inherits": "~2.0.3"
      }
    },
    "node_modules/readable-stream": {
      "version": "2.3.8",
      "resolved": "https://registry.npmmirror.com/readable-stream/-/readable-stream-2.3.8.tgz",
      "integrity": "sha512-8p0AUk4XODgIewSi0l8Epjs+EVnWiK7NoDIEGU0HhE7+ZyY8D1IMY7odu5lRrFXGg71L15KG8QrPmum45RTtdA==",
      "license": "MIT",
      "dependencies": {
        "core-util-is": "~1.0.0",
        "inherits": "~2.0.3",
        "isarray": "~1.0.0",
        "process-nextick-args": "~2.0.0",
        "safe-buffer": "~5.1.1",
        "string_decoder": "~1.1.1",
        "util-deprecate": "~1.0.1"
      }
    },
    "node_modules/safe-buffer": {
      "version": "5.1.2",
      "resolved": "https://registry.npmmirror.com/safe-buffer/-/safe-buffer-5.1.2.tgz",
      "integrity": "sha512-Gd2UZBJDkXlY7GbJxfsE8/nvKkUEU1G38c1siN6QP6a9PT9MmHB8GnpscSmMJSoF8LOIrt8ud/wPtojys4G6+g==",
      "license": "MIT"
    },
    "node_modules/setimmediate": {
      "version": "1.0.5",
      "resolved": "https://registry.npmmirror.com/setimmediate/-/setimmediate-1.0.5.tgz",
      "integrity": "sha512-MATJdZp8sLqDl/68LfQmbP8zKPLQNV6BIZoIgrscFDQ+RsvK/BxeDQOgyxKKoh0y/8h3BqVFnCqQ/gd+reiIXA==",
      "license": "MIT"
    },
    "node_modules/string_decoder": {
      "version": "1.1.1",
      "resolved": "https://registry.npmmirror.com/string_decoder/-/string_decoder-1.1.1.tgz",
      "integrity": "sha512-n/ShnvDi6FHbbVfviro+WojiFzv+s8MPMHBczVePfUpDJLwoLT0ht1l4YwBCbi8pJAveEEdnkHyPyTP/mzRfwg==",
      "license": "MIT",
      "dependencies": {
        "safe-buffer": "~5.1.0"
      }
    },
    "node_modules/undici-types": {
      "version": "6.21.0",
      "resolved": "https://registry.npmmirror.com/undici-types/-/undici-types-6.21.0.tgz",
      "integrity": "sha512-iwDZqg0QAGrg9Rav5H4n0M64c3mkR59cJ6wQp+7C4nI0gsmExaedaYLNO44eT4AtBBwjbTiGPMlt2Md0T9H9JQ==",
      "license": "MIT"
    },
    "node_modules/util-deprecate": {
      "version": "1.0.2",
      "resolved": "https://registry.npmmirror.com/util-deprecate/-/util-deprecate-1.0.2.tgz",
      "integrity": "sha512-EPD5q1uXyFxJpCrLnCc1nHnq3gOa6DZBocAIiI2TaSCA7VCJ1UJDMagCzIkXNsUYfD1daK//LTEQ8xiIbrHtcw==",
      "license": "MIT"
    }
  }
}
